{
    "name": "@bradgarropy/eslint-config-svelte",
    "version": "0.0.1",
    "lockfileVersion": 1,
    "requires": true,
    "dependencies": {
        "eslint-plugin-svelte3": {
            "version": "2.7.3",
            "resolved": "https://registry.npmjs.org/eslint-plugin-svelte3/-/eslint-plugin-svelte3-2.7.3.tgz",
            "integrity": "sha512-p6HhxyICX9x/x+8WSy6AVk2bmv9ayoznoTSyCvK47th/k/07ksuJixMwbGX9qxJVAmPBaYMjEIMSEZtJHPIN7w==",
            "dev": true
        },
        "svelte": {
            "version": "3.31.0",
            "resolved": "https://registry.npmjs.org/svelte/-/svelte-3.31.0.tgz",
            "integrity": "sha512-r+n8UJkDqoQm1b+3tA3Lh6mHXKpcfOSOuEuIo5gE2W9wQYi64RYX/qE6CZBDDsP/H4M+N426JwY7XGH4xASvGQ==",
            "dev": true
        }
    }
}
